
Microsoft Visual Studio Solution File, Format Version 11.00
# Visual Studio 2010
Project("{FAE04EC0-301F-11D3-BF4B-00C04F79EFBC}") = "Gimela.Data.MagpieDatabase", "Gimela.Data.MagpieDatabase\Gimela.Data.MagpieDatabase.csproj", "{25BE8E8D-4812-4371-9334-861A8EA07211}"
EndProject
Project("{FAE04EC0-301F-11D3-BF4B-00C04F79EFBC}") = "Gimela.Data.SparrowDatabase", "Gimela.Data.SparrowDatabase\Gimela.Data.SparrowDatabase.csproj", "{91D95789-2CFA-48BC-BACE-8B9BF5ABECC0}"
EndProject
Project("{FAE04EC0-301F-11D3-BF4B-00C04F79EFBC}") = "Gimela.Data.DataStructures", "Gimela.Data.DataStructures\Gimela.Data.DataStructures.csproj", "{068020BB-7170-4FB1-8CF7-D05BBDD08977}"
EndProject
Project("{FAE04EC0-301F-11D3-BF4B-00C04F79EFBC}") = "Gimela.Data.Json", "Gimela.Data.Json\Gimela.Data.Json.csproj", "{148E307A-DD87-4202-AF5C-F9BC5E3CD956}"
EndProject
Project("{FAE04EC0-301F-11D3-BF4B-00C04F79EFBC}") = "Gimela.Data.JsonExtension", "Gimela.Data.JsonExtension\Gimela.Data.JsonExtension.csproj", "{73E4C405-53E1-455F-9062-1E024E256D1B}"
EndProject
Project("{FAE04EC0-301F-11D3-BF4B-00C04F79EFBC}") = "Gimela.Data.Repository", "Gimela.Data.Repository\Gimela.Data.Repository.csproj", "{A7BE18FB-C1F9-4379-AB10-28497A06B681}"
EndProject
Project("{FAE04EC0-301F-11D3-BF4B-00C04F79EFBC}") = "Gimela.Data.Mapping", "Gimela.Data.Mapping\Gimela.Data.Mapping.csproj", "{DDF551F9-B27D-4283-BFA0-E7068E05967D}"
EndProject
Global
	GlobalSection(SolutionConfigurationPlatforms) = preSolution
		AutomatedDebug|Any CPU = AutomatedDebug|Any CPU
		AutomatedDebug|Mixed Platforms = AutomatedDebug|Mixed Platforms
		AutomatedDebug|x86 = AutomatedDebug|x86
		AutomatedRelease|Any CPU = AutomatedRelease|Any CPU
		AutomatedRelease|Mixed Platforms = AutomatedRelease|Mixed Platforms
		AutomatedRelease|x86 = AutomatedRelease|x86
		Debug|Any CPU = Debug|Any CPU
		Debug|Mixed Platforms = Debug|Mixed Platforms
		Debug|x86 = Debug|x86
		Release|Any CPU = Release|Any CPU
		Release|Mixed Platforms = Release|Mixed Platforms
		Release|x86 = Release|x86
	EndGlobalSection
	GlobalSection(ProjectConfigurationPlatforms) = postSolution
		{25BE8E8D-4812-4371-9334-861A8EA07211}.AutomatedDebug|Any CPU.ActiveCfg = Debug|Any CPU
		{25BE8E8D-4812-4371-9334-861A8EA07211}.AutomatedDebug|Any CPU.Build.0 = Debug|Any CPU
		{25BE8E8D-4812-4371-9334-861A8EA07211}.AutomatedDebug|Mixed Platforms.ActiveCfg = Debug|Any CPU
		{25BE8E8D-4812-4371-9334-861A8EA07211}.AutomatedDebug|Mixed Platforms.Build.0 = Debug|Any CPU
		{25BE8E8D-4812-4371-9334-861A8EA07211}.AutomatedDebug|x86.ActiveCfg = Debug|Any CPU
		{25BE8E8D-4812-4371-9334-861A8EA07211}.AutomatedRelease|Any CPU.ActiveCfg = Release|Any CPU
		{25BE8E8D-4812-4371-9334-861A8EA07211}.AutomatedRelease|Any CPU.Build.0 = Release|Any CPU
		{25BE8E8D-4812-4371-9334-861A8EA07211}.AutomatedRelease|Mixed Platforms.ActiveCfg = Release|Any CPU
		{25BE8E8D-4812-4371-9334-861A8EA07211}.AutomatedRelease|Mixed Platforms.Build.0 = Release|Any CPU
		{25BE8E8D-4812-4371-9334-861A8EA07211}.AutomatedRelease|x86.ActiveCfg = Release|Any CPU
		{25BE8E8D-4812-4371-9334-861A8EA07211}.Debug|Any CPU.ActiveCfg = Debug|Any CPU
		{25BE8E8D-4812-4371-9334-861A8EA07211}.Debug|Any CPU.Build.0 = Debug|Any CPU
		{25BE8E8D-4812-4371-9334-861A8EA07211}.Debug|Mixed Platforms.ActiveCfg = Debug|Any CPU
		{25BE8E8D-4812-4371-9334-861A8EA07211}.Debug|Mixed Platforms.Build.0 = Debug|Any CPU
		{25BE8E8D-4812-4371-9334-861A8EA07211}.Debug|x86.ActiveCfg = Debug|Any CPU
		{25BE8E8D-4812-4371-9334-861A8EA07211}.Release|Any CPU.ActiveCfg = Release|Any CPU
		{25BE8E8D-4812-4371-9334-861A8EA07211}.Release|Any CPU.Build.0 = Release|Any CPU
		{25BE8E8D-4812-4371-9334-861A8EA07211}.Release|Mixed Platforms.ActiveCfg = Release|Any CPU
		{25BE8E8D-4812-4371-9334-861A8EA07211}.Release|Mixed Platforms.Build.0 = Release|Any CPU
		{25BE8E8D-4812-4371-9334-861A8EA07211}.Release|x86.ActiveCfg = Release|Any CPU
		{91D95789-2CFA-48BC-BACE-8B9BF5ABECC0}.AutomatedDebug|Any CPU.ActiveCfg = Debug|Any CPU
		{91D95789-2CFA-48BC-BACE-8B9BF5ABECC0}.AutomatedDebug|Any CPU.Build.0 = Debug|Any CPU
		{91D95789-2CFA-48BC-BACE-8B9BF5ABECC0}.AutomatedDebug|Mixed Platforms.ActiveCfg = Debug|Any CPU
		{91D95789-2CFA-48BC-BACE-8B9BF5ABECC0}.AutomatedDebug|Mixed Platforms.Build.0 = Debug|Any CPU
		{91D95789-2CFA-48BC-BACE-8B9BF5ABECC0}.AutomatedDebug|x86.ActiveCfg = Debug|Any CPU
		{91D95789-2CFA-48BC-BACE-8B9BF5ABECC0}.AutomatedRelease|Any CPU.ActiveCfg = Release|Any CPU
		{91D95789-2CFA-48BC-BACE-8B9BF5ABECC0}.AutomatedRelease|Any CPU.Build.0 = Release|Any CPU
		{91D95789-2CFA-48BC-BACE-8B9BF5ABECC0}.AutomatedRelease|Mixed Platforms.ActiveCfg = Release|Any CPU
		{91D95789-2CFA-48BC-BACE-8B9BF5ABECC0}.AutomatedRelease|Mixed Platforms.Build.0 = Release|Any CPU
		{91D95789-2CFA-48BC-BACE-8B9BF5ABECC0}.AutomatedRelease|x86.ActiveCfg = Release|Any CPU
		{91D95789-2CFA-48BC-BACE-8B9BF5ABECC0}.Debug|Any CPU.ActiveCfg = Debug|Any CPU
		{91D95789-2CFA-48BC-BACE-8B9BF5ABECC0}.Debug|Any CPU.Build.0 = Debug|Any CPU
		{91D95789-2CFA-48BC-BACE-8B9BF5ABECC0}.Debug|Mixed Platforms.ActiveCfg = Debug|Any CPU
		{91D95789-2CFA-48BC-BACE-8B9BF5ABECC0}.Debug|Mixed Platforms.Build.0 = Debug|Any CPU
		{91D95789-2CFA-48BC-BACE-8B9BF5ABECC0}.Debug|x86.ActiveCfg = Debug|Any CPU
		{91D95789-2CFA-48BC-BACE-8B9BF5ABECC0}.Release|Any CPU.ActiveCfg = Release|Any CPU
		{91D95789-2CFA-48BC-BACE-8B9BF5ABECC0}.Release|Any CPU.Build.0 = Release|Any CPU
		{91D95789-2CFA-48BC-BACE-8B9BF5ABECC0}.Release|Mixed Platforms.ActiveCfg = Release|Any CPU
		{91D95789-2CFA-48BC-BACE-8B9BF5ABECC0}.Release|Mixed Platforms.Build.0 = Release|Any CPU
		{91D95789-2CFA-48BC-BACE-8B9BF5ABECC0}.Release|x86.ActiveCfg = Release|Any CPU
		{068020BB-7170-4FB1-8CF7-D05BBDD08977}.AutomatedDebug|Any CPU.ActiveCfg = Debug|Any CPU
		{068020BB-7170-4FB1-8CF7-D05BBDD08977}.AutomatedDebug|Any CPU.Build.0 = Debug|Any CPU
		{068020BB-7170-4FB1-8CF7-D05BBDD08977}.AutomatedDebug|Mixed Platforms.ActiveCfg = Debug|Any CPU
		{068020BB-7170-4FB1-8CF7-D05BBDD08977}.AutomatedDebug|Mixed Platforms.Build.0 = Debug|Any CPU
		{068020BB-7170-4FB1-8CF7-D05BBDD08977}.AutomatedDebug|x86.ActiveCfg = Debug|Any CPU
		{068020BB-7170-4FB1-8CF7-D05BBDD08977}.AutomatedRelease|Any CPU.ActiveCfg = Release|Any CPU
		{068020BB-7170-4FB1-8CF7-D05BBDD08977}.AutomatedRelease|Any CPU.Build.0 = Release|Any CPU
		{068020BB-7170-4FB1-8CF7-D05BBDD08977}.AutomatedRelease|Mixed Platforms.ActiveCfg = Release|Any CPU
		{068020BB-7170-4FB1-8CF7-D05BBDD08977}.AutomatedRelease|Mixed Platforms.Build.0 = Release|Any CPU
		{068020BB-7170-4FB1-8CF7-D05BBDD08977}.AutomatedRelease|x86.ActiveCfg = Release|Any CPU
		{068020BB-7170-4FB1-8CF7-D05BBDD08977}.Debug|Any CPU.ActiveCfg = Debug|Any CPU
		{068020BB-7170-4FB1-8CF7-D05BBDD08977}.Debug|Any CPU.Build.0 = Debug|Any CPU
		{068020BB-7170-4FB1-8CF7-D05BBDD08977}.Debug|Mixed Platforms.ActiveCfg = Debug|Any CPU
		{068020BB-7170-4FB1-8CF7-D05BBDD08977}.Debug|Mixed Platforms.Build.0 = Debug|Any CPU
		{068020BB-7170-4FB1-8CF7-D05BBDD08977}.Debug|x86.ActiveCfg = Debug|Any CPU
		{068020BB-7170-4FB1-8CF7-D05BBDD08977}.Release|Any CPU.ActiveCfg = Release|Any CPU
		{068020BB-7170-4FB1-8CF7-D05BBDD08977}.Release|Any CPU.Build.0 = Release|Any CPU
		{068020BB-7170-4FB1-8CF7-D05BBDD08977}.Release|Mixed Platforms.ActiveCfg = Release|Any CPU
		{068020BB-7170-4FB1-8CF7-D05BBDD08977}.Release|Mixed Platforms.Build.0 = Release|Any CPU
		{068020BB-7170-4FB1-8CF7-D05BBDD08977}.Release|x86.ActiveCfg = Release|Any CPU
		{148E307A-DD87-4202-AF5C-F9BC5E3CD956}.AutomatedDebug|Any CPU.ActiveCfg = Debug|Any CPU
		{148E307A-DD87-4202-AF5C-F9BC5E3CD956}.AutomatedDebug|Any CPU.Build.0 = Debug|Any CPU
		{148E307A-DD87-4202-AF5C-F9BC5E3CD956}.AutomatedDebug|Mixed Platforms.ActiveCfg = Debug|Any CPU
		{148E307A-DD87-4202-AF5C-F9BC5E3CD956}.AutomatedDebug|Mixed Platforms.Build.0 = Debug|Any CPU
		{148E307A-DD87-4202-AF5C-F9BC5E3CD956}.AutomatedDebug|x86.ActiveCfg = Debug|Any CPU
		{148E307A-DD87-4202-AF5C-F9BC5E3CD956}.AutomatedRelease|Any CPU.ActiveCfg = Release|Any CPU
		{148E307A-DD87-4202-AF5C-F9BC5E3CD956}.AutomatedRelease|Any CPU.Build.0 = Release|Any CPU
		{148E307A-DD87-4202-AF5C-F9BC5E3CD956}.AutomatedRelease|Mixed Platforms.ActiveCfg = Release|Any CPU
		{148E307A-DD87-4202-AF5C-F9BC5E3CD956}.AutomatedRelease|Mixed Platforms.Build.0 = Release|Any CPU
		{148E307A-DD87-4202-AF5C-F9BC5E3CD956}.AutomatedRelease|x86.ActiveCfg = Release|Any CPU
		{148E307A-DD87-4202-AF5C-F9BC5E3CD956}.Debug|Any CPU.ActiveCfg = Debug|Any CPU
		{148E307A-DD87-4202-AF5C-F9BC5E3CD956}.Debug|Any CPU.Build.0 = Debug|Any CPU
		{148E307A-DD87-4202-AF5C-F9BC5E3CD956}.Debug|Mixed Platforms.ActiveCfg = Debug|Any CPU
		{148E307A-DD87-4202-AF5C-F9BC5E3CD956}.Debug|Mixed Platforms.Build.0 = Debug|Any CPU
		{148E307A-DD87-4202-AF5C-F9BC5E3CD956}.Debug|x86.ActiveCfg = Debug|Any CPU
		{148E307A-DD87-4202-AF5C-F9BC5E3CD956}.Release|Any CPU.ActiveCfg = Release|Any CPU
		{148E307A-DD87-4202-AF5C-F9BC5E3CD956}.Release|Any CPU.Build.0 = Release|Any CPU
		{148E307A-DD87-4202-AF5C-F9BC5E3CD956}.Release|Mixed Platforms.ActiveCfg = Release|Any CPU
		{148E307A-DD87-4202-AF5C-F9BC5E3CD956}.Release|Mixed Platforms.Build.0 = Release|Any CPU
		{148E307A-DD87-4202-AF5C-F9BC5E3CD956}.Release|x86.ActiveCfg = Release|Any CPU
		{73E4C405-53E1-455F-9062-1E024E256D1B}.AutomatedDebug|Any CPU.ActiveCfg = Debug|Any CPU
		{73E4C405-53E1-455F-9062-1E024E256D1B}.AutomatedDebug|Any CPU.Build.0 = Debug|Any CPU
		{73E4C405-53E1-455F-9062-1E024E256D1B}.AutomatedDebug|Mixed Platforms.ActiveCfg = Debug|Any CPU
		{73E4C405-53E1-455F-9062-1E024E256D1B}.AutomatedDebug|Mixed Platforms.Build.0 = Debug|Any CPU
		{73E4C405-53E1-455F-9062-1E024E256D1B}.AutomatedDebug|x86.ActiveCfg = Debug|Any CPU
		{73E4C405-53E1-455F-9062-1E024E256D1B}.AutomatedRelease|Any CPU.ActiveCfg = Release|Any CPU
		{73E4C405-53E1-455F-9062-1E024E256D1B}.AutomatedRelease|Any CPU.Build.0 = Release|Any CPU
		{73E4C405-53E1-455F-9062-1E024E256D1B}.AutomatedRelease|Mixed Platforms.ActiveCfg = Release|Any CPU
		{73E4C405-53E1-455F-9062-1E024E256D1B}.AutomatedRelease|Mixed Platforms.Build.0 = Release|Any CPU
		{73E4C405-53E1-455F-9062-1E024E256D1B}.AutomatedRelease|x86.ActiveCfg = Release|Any CPU
		{73E4C405-53E1-455F-9062-1E024E256D1B}.Debug|Any CPU.ActiveCfg = Debug|Any CPU
		{73E4C405-53E1-455F-9062-1E024E256D1B}.Debug|Any CPU.Build.0 = Debug|Any CPU
		{73E4C405-53E1-455F-9062-1E024E256D1B}.Debug|Mixed Platforms.ActiveCfg = Debug|Any CPU
		{73E4C405-53E1-455F-9062-1E024E256D1B}.Debug|Mixed Platforms.Build.0 = Debug|Any CPU
		{73E4C405-53E1-455F-9062-1E024E256D1B}.Debug|x86.ActiveCfg = Debug|Any CPU
		{73E4C405-53E1-455F-9062-1E024E256D1B}.Release|Any CPU.ActiveCfg = Release|Any CPU
		{73E4C405-53E1-455F-9062-1E024E256D1B}.Release|Any CPU.Build.0 = Release|Any CPU
		{73E4C405-53E1-455F-9062-1E024E256D1B}.Release|Mixed Platforms.ActiveCfg = Release|Any CPU
		{73E4C405-53E1-455F-9062-1E024E256D1B}.Release|Mixed Platforms.Build.0 = Release|Any CPU
		{73E4C405-53E1-455F-9062-1E024E256D1B}.Release|x86.ActiveCfg = Release|Any CPU
		{A7BE18FB-C1F9-4379-AB10-28497A06B681}.AutomatedDebug|Any CPU.ActiveCfg = Debug|Any CPU
		{A7BE18FB-C1F9-4379-AB10-28497A06B681}.AutomatedDebug|Any CPU.Build.0 = Debug|Any CPU
		{A7BE18FB-C1F9-4379-AB10-28497A06B681}.AutomatedDebug|Mixed Platforms.ActiveCfg = Debug|Any CPU
		{A7BE18FB-C1F9-4379-AB10-28497A06B681}.AutomatedDebug|Mixed Platforms.Build.0 = Debug|Any CPU
		{A7BE18FB-C1F9-4379-AB10-28497A06B681}.AutomatedDebug|x86.ActiveCfg = Debug|Any CPU
		{A7BE18FB-C1F9-4379-AB10-28497A06B681}.AutomatedRelease|Any CPU.ActiveCfg = Release|Any CPU
		{A7BE18FB-C1F9-4379-AB10-28497A06B681}.AutomatedRelease|Any CPU.Build.0 = Release|Any CPU
		{A7BE18FB-C1F9-4379-AB10-28497A06B681}.AutomatedRelease|Mixed Platforms.ActiveCfg = Release|Any CPU
		{A7BE18FB-C1F9-4379-AB10-28497A06B681}.AutomatedRelease|Mixed Platforms.Build.0 = Release|Any CPU
		{A7BE18FB-C1F9-4379-AB10-28497A06B681}.AutomatedRelease|x86.ActiveCfg = Release|Any CPU
		{A7BE18FB-C1F9-4379-AB10-28497A06B681}.Debug|Any CPU.ActiveCfg = Debug|Any CPU
		{A7BE18FB-C1F9-4379-AB10-28497A06B681}.Debug|Any CPU.Build.0 = Debug|Any CPU
		{A7BE18FB-C1F9-4379-AB10-28497A06B681}.Debug|Mixed Platforms.ActiveCfg = Debug|Any CPU
		{A7BE18FB-C1F9-4379-AB10-28497A06B681}.Debug|Mixed Platforms.Build.0 = Debug|Any CPU
		{A7BE18FB-C1F9-4379-AB10-28497A06B681}.Debug|x86.ActiveCfg = Debug|Any CPU
		{A7BE18FB-C1F9-4379-AB10-28497A06B681}.Release|Any CPU.ActiveCfg = Release|Any CPU
		{A7BE18FB-C1F9-4379-AB10-28497A06B681}.Release|Any CPU.Build.0 = Release|Any CPU
		{A7BE18FB-C1F9-4379-AB10-28497A06B681}.Release|Mixed Platforms.ActiveCfg = Release|Any CPU
		{A7BE18FB-C1F9-4379-AB10-28497A06B681}.Release|Mixed Platforms.Build.0 = Release|Any CPU
		{A7BE18FB-C1F9-4379-AB10-28497A06B681}.Release|x86.ActiveCfg = Release|Any CPU
		{DDF551F9-B27D-4283-BFA0-E7068E05967D}.AutomatedDebug|Any CPU.ActiveCfg = AutomatedDebug|Any CPU
		{DDF551F9-B27D-4283-BFA0-E7068E05967D}.AutomatedDebug|Any CPU.Build.0 = AutomatedDebug|Any CPU
		{DDF551F9-B27D-4283-BFA0-E7068E05967D}.AutomatedDebug|Mixed Platforms.ActiveCfg = AutomatedDebug|Any CPU
		{DDF551F9-B27D-4283-BFA0-E7068E05967D}.AutomatedDebug|Mixed Platforms.Build.0 = AutomatedDebug|Any CPU
		{DDF551F9-B27D-4283-BFA0-E7068E05967D}.AutomatedDebug|x86.ActiveCfg = AutomatedDebug|Any CPU
		{DDF551F9-B27D-4283-BFA0-E7068E05967D}.AutomatedRelease|Any CPU.ActiveCfg = AutomatedRelease|Any CPU
		{DDF551F9-B27D-4283-BFA0-E7068E05967D}.AutomatedRelease|Any CPU.Build.0 = AutomatedRelease|Any CPU
		{DDF551F9-B27D-4283-BFA0-E7068E05967D}.AutomatedRelease|Mixed Platforms.ActiveCfg = AutomatedRelease|Any CPU
		{DDF551F9-B27D-4283-BFA0-E7068E05967D}.AutomatedRelease|Mixed Platforms.Build.0 = AutomatedRelease|Any CPU
		{DDF551F9-B27D-4283-BFA0-E7068E05967D}.AutomatedRelease|x86.ActiveCfg = AutomatedRelease|Any CPU
		{DDF551F9-B27D-4283-BFA0-E7068E05967D}.Debug|Any CPU.ActiveCfg = Debug|Any CPU
		{DDF551F9-B27D-4283-BFA0-E7068E05967D}.Debug|Any CPU.Build.0 = Debug|Any CPU
		{DDF551F9-B27D-4283-BFA0-E7068E05967D}.Debug|Mixed Platforms.ActiveCfg = Debug|Any CPU
		{DDF551F9-B27D-4283-BFA0-E7068E05967D}.Debug|Mixed Platforms.Build.0 = Debug|Any CPU
		{DDF551F9-B27D-4283-BFA0-E7068E05967D}.Debug|x86.ActiveCfg = Debug|Any CPU
		{DDF551F9-B27D-4283-BFA0-E7068E05967D}.Release|Any CPU.ActiveCfg = Release|Any CPU
		{DDF551F9-B27D-4283-BFA0-E7068E05967D}.Release|Any CPU.Build.0 = Release|Any CPU
		{DDF551F9-B27D-4283-BFA0-E7068E05967D}.Release|Mixed Platforms.ActiveCfg = Release|Any CPU
		{DDF551F9-B27D-4283-BFA0-E7068E05967D}.Release|Mixed Platforms.Build.0 = Release|Any CPU
		{DDF551F9-B27D-4283-BFA0-E7068E05967D}.Release|x86.ActiveCfg = Release|Any CPU
	EndGlobalSection
	GlobalSection(SolutionProperties) = preSolution
		HideSolutionNode = FALSE
	EndGlobalSection
EndGlobal
