
Microsoft Visual Studio Solution File, Format Version 11.00
# Visual Studio 2010
Project("{FAE04EC0-301F-11D3-BF4B-00C04F79EFBC}") = "Gimela.Rukbat.Communication", "Gimela.Rukbat.Communication\Gimela.Rukbat.Communication.csproj", "{63FD5A3E-4350-4A49-9642-9D8BA1119CD9}"
EndProject
Project("{FAE04EC0-301F-11D3-BF4B-00C04F79EFBC}") = "Gimela.Rukbat.ServiceDiscovery", "Gimela.Rukbat.ServiceDiscovery\Gimela.Rukbat.ServiceDiscovery.csproj", "{7016025E-E579-49C6-A5EB-C7CB717F2062}"
EndProject
Project("{FAE04EC0-301F-11D3-BF4B-00C04F79EFBC}") = "Gimela.Rukbat.DomainModels", "Gimela.Rukbat.DomainModels\Gimela.Rukbat.DomainModels.csproj", "{88AE9ACF-52D2-478C-A6EA-82DFEE0D9BF5}"
EndProject
Global
	GlobalSection(SolutionConfigurationPlatforms) = preSolution
		Debug|Any CPU = Debug|Any CPU
		Release|Any CPU = Release|Any CPU
	EndGlobalSection
	GlobalSection(ProjectConfigurationPlatforms) = postSolution
		{63FD5A3E-4350-4A49-9642-9D8BA1119CD9}.Debug|Any CPU.ActiveCfg = Debug|Any CPU
		{63FD5A3E-4350-4A49-9642-9D8BA1119CD9}.Debug|Any CPU.Build.0 = Debug|Any CPU
		{63FD5A3E-4350-4A49-9642-9D8BA1119CD9}.Release|Any CPU.ActiveCfg = Release|Any CPU
		{63FD5A3E-4350-4A49-9642-9D8BA1119CD9}.Release|Any CPU.Build.0 = Release|Any CPU
		{7016025E-E579-49C6-A5EB-C7CB717F2062}.Debug|Any CPU.ActiveCfg = Debug|Any CPU
		{7016025E-E579-49C6-A5EB-C7CB717F2062}.Debug|Any CPU.Build.0 = Debug|Any CPU
		{7016025E-E579-49C6-A5EB-C7CB717F2062}.Release|Any CPU.ActiveCfg = Release|Any CPU
		{7016025E-E579-49C6-A5EB-C7CB717F2062}.Release|Any CPU.Build.0 = Release|Any CPU
		{88AE9ACF-52D2-478C-A6EA-82DFEE0D9BF5}.Debug|Any CPU.ActiveCfg = Debug|Any CPU
		{88AE9ACF-52D2-478C-A6EA-82DFEE0D9BF5}.Debug|Any CPU.Build.0 = Debug|Any CPU
		{88AE9ACF-52D2-478C-A6EA-82DFEE0D9BF5}.Release|Any CPU.ActiveCfg = Release|Any CPU
		{88AE9ACF-52D2-478C-A6EA-82DFEE0D9BF5}.Release|Any CPU.Build.0 = Release|Any CPU
	EndGlobalSection
	GlobalSection(SolutionProperties) = preSolution
		HideSolutionNode = FALSE
	EndGlobalSection
EndGlobal
