
Microsoft Visual Studio Solution File, Format Version 11.00
# Visual Studio 2010
Project("{FAE04EC0-301F-11D3-BF4B-00C04F79EFBC}") = "Gimela.Text", "Gimela.Text\Gimela.Text.csproj", "{B707994E-4867-479C-BBFD-5F89B455AA14}"
EndProject
Project("{FAE04EC0-301F-11D3-BF4B-00C04F79EFBC}") = "Gimela.Text.Validation", "Gimela.Text.Validation\Gimela.Text.Validation.csproj", "{2A38E197-A02F-49EC-A89C-108A9404890C}"
EndProject
Global
	GlobalSection(SolutionConfigurationPlatforms) = preSolution
		Debug|Any CPU = Debug|Any CPU
		Release|Any CPU = Release|Any CPU
	EndGlobalSection
	GlobalSection(ProjectConfigurationPlatforms) = postSolution
		{B707994E-4867-479C-BBFD-5F89B455AA14}.Debug|Any CPU.ActiveCfg = Debug|Any CPU
		{B707994E-4867-479C-BBFD-5F89B455AA14}.Debug|Any CPU.Build.0 = Debug|Any CPU
		{B707994E-4867-479C-BBFD-5F89B455AA14}.Release|Any CPU.ActiveCfg = Release|Any CPU
		{B707994E-4867-479C-BBFD-5F89B455AA14}.Release|Any CPU.Build.0 = Release|Any CPU
		{2A38E197-A02F-49EC-A89C-108A9404890C}.Debug|Any CPU.ActiveCfg = Debug|Any CPU
		{2A38E197-A02F-49EC-A89C-108A9404890C}.Debug|Any CPU.Build.0 = Debug|Any CPU
		{2A38E197-A02F-49EC-A89C-108A9404890C}.Release|Any CPU.ActiveCfg = Release|Any CPU
		{2A38E197-A02F-49EC-A89C-108A9404890C}.Release|Any CPU.Build.0 = Release|Any CPU
	EndGlobalSection
	GlobalSection(SolutionProperties) = preSolution
		HideSolutionNode = FALSE
	EndGlobalSection
EndGlobal
